
Microsoft Visual Studio Solution File, Format Version 12.00
# Visual Studio Version 17
VisualStudioVersion = 17.0.31903.59
MinimumVisualStudioVersion = 10.0.40219.1
Project("{FAE04EC0-301F-11D3-BF4B-00C04F79EFBC}") = "Traverse.AI.Abstractions", "src\shared\Traverse.AI.Abstractions\Traverse.AI.Abstractions.csproj", "{96A15D37-315D-4C3D-820E-6BFD971F9418}"
EndProject
Project("{FAE04EC0-301F-11D3-BF4B-00C04F79EFBC}") = "Traverse.AI.Providers", "src\shared\Traverse.AI.Providers\Traverse.AI.Providers.csproj", "{628929AF-CE94-4CAA-8460-46C3AE1D9348}"
EndProject
Project("{2150E333-8FDC-42A3-9474-1A3956D46DE8}") = "shared", "shared", "{5C33D342-EF43-40EB-9CF4-4EC6C2033309}"
EndProject
Project("{2150E333-8FDC-42A3-9474-1A3956D46DE8}") = "services", "services", "{5968FBED-DF69-4CE6-8CAF-364A27DD447A}"
EndProject
Project("{2150E333-8FDC-42A3-9474-1A3956D46DE8}") = "infrastructure", "infrastructure", "{2590781E-497A-496A-A673-7A029BF18B40}"
EndProject
Project("{FAE04EC0-301F-11D3-BF4B-00C04F79EFBC}") = "Traverse.Domain.Primitives", "src\shared\Traverse.Domain.Primitives\Traverse.Domain.Primitives.csproj", "{022AC540-EF58-4E3D-9E2E-0C542FEA2E32}"
EndProject
Project("{FAE04EC0-301F-11D3-BF4B-00C04F79EFBC}") = "Traverse.Infrastructure.Persistence", "src\shared\Traverse.Infrastructure.Persistence\Traverse.Infrastructure.Persistence.csproj", "{2C07102D-1198-438F-A82C-D384EDE9DFB8}"
EndProject
Project("{FAE04EC0-301F-11D3-BF4B-00C04F79EFBC}") = "Traverse.Infrastructure.Messaging", "src\shared\Traverse.Infrastructure.Messaging\Traverse.Infrastructure.Messaging.csproj", "{01C9386D-256C-452F-8B0D-F728C4BEE469}"
EndProject
Project("{FAE04EC0-301F-11D3-BF4B-00C04F79EFBC}") = "Traverse.Infrastructure.Auth", "src\shared\Traverse.Infrastructure.Auth\Traverse.Infrastructure.Auth.csproj", "{CFCCF976-7698-4E25-84FF-C300692A8912}"
EndProject
Project("{FAE04EC0-301F-11D3-BF4B-00C04F79EFBC}") = "Traverse.Infrastructure.Http", "src\shared\Traverse.Infrastructure.Http\Traverse.Infrastructure.Http.csproj", "{256A4C1B-4E56-4E4C-9C37-B1C6E02CDFA9}"
EndProject
Project("{FAE04EC0-301F-11D3-BF4B-00C04F79EFBC}") = "Traverse.Infrastructure.Observability", "src\shared\Traverse.Infrastructure.Observability\Traverse.Infrastructure.Observability.csproj", "{3CE23A8E-AAD3-4B7B-9EC0-6F69C0093EAE}"
EndProject
Project("{FAE04EC0-301F-11D3-BF4B-00C04F79EFBC}") = "Traverse.Workflow.Api", "src\services\workflow\Traverse.Workflow.Api\Traverse.Workflow.Api.csproj", "{5ACEAA66-6128-47FA-ACB4-7FB71CF4B316}"
EndProject
Project("{FAE04EC0-301F-11D3-BF4B-00C04F79EFBC}") = "Traverse.KPI.Api", "src\services\kpi\Traverse.KPI.Api\Traverse.KPI.Api.csproj", "{8119571B-E225-481D-96B2-189E5D1B7380}"
EndProject
Project("{FAE04EC0-301F-11D3-BF4B-00C04F79EFBC}") = "Traverse.Admin.Api", "src\services\admin\Traverse.Admin.Api\Traverse.Admin.Api.csproj", "{6A35CDBF-AC60-4DB9-B3D6-6697C4D9F709}"
EndProject
Project("{FAE04EC0-301F-11D3-BF4B-00C04F79EFBC}") = "Traverse.Notifications.Api", "src\services\notifications\Traverse.Notifications.Api\Traverse.Notifications.Api.csproj", "{1F163954-F731-4B77-AE28-CFADAC9F9525}"
EndProject
Project("{FAE04EC0-301F-11D3-BF4B-00C04F79EFBC}") = "Traverse.Reporting.Api", "src\services\reporting\Traverse.Reporting.Api\Traverse.Reporting.Api.csproj", "{725509A5-DC9E-4C64-B4E9-7DF46CBF068A}"
EndProject
Project("{FAE04EC0-301F-11D3-BF4B-00C04F79EFBC}") = "Traverse.AICopilot.Api", "src\services\aicopilot\Traverse.AICopilot.Api\Traverse.AICopilot.Api.csproj", "{EA371B2A-F942-44BC-868D-A5CC787CC8BD}"
EndProject
Project("{FAE04EC0-301F-11D3-BF4B-00C04F79EFBC}") = "Traverse.Compliance.Api", "src\services\compliance\Traverse.Compliance.Api\Traverse.Compliance.Api.csproj", "{59455A1F-73C4-41C3-BC96-5D92F7101BF3}"
EndProject
Project("{FAE04EC0-301F-11D3-BF4B-00C04F79EFBC}") = "Traverse.Search.Api", "src\services\search\Traverse.Search.Api\Traverse.Search.Api.csproj", "{8B242A23-7C83-4970-8868-E0CC6716CC3E}"
EndProject
Project("{FAE04EC0-301F-11D3-BF4B-00C04F79EFBC}") = "Traverse.Calendar.Api", "src\services\calendar\Traverse.Calendar.Api\Traverse.Calendar.Api.csproj", "{32BEC910-854E-4D5B-81A1-0CC8C6FA94C8}"
EndProject
Global
	GlobalSection(SolutionConfigurationPlatforms) = preSolution
		Debug|Any CPU = Debug|Any CPU
		Debug|x64 = Debug|x64
		Debug|x86 = Debug|x86
		Release|Any CPU = Release|Any CPU
		Release|x64 = Release|x64
		Release|x86 = Release|x86
	EndGlobalSection
	GlobalSection(ProjectConfigurationPlatforms) = postSolution
		{96A15D37-315D-4C3D-820E-6BFD971F9418}.Debug|Any CPU.ActiveCfg = Debug|Any CPU
		{96A15D37-315D-4C3D-820E-6BFD971F9418}.Debug|Any CPU.Build.0 = Debug|Any CPU
		{96A15D37-315D-4C3D-820E-6BFD971F9418}.Debug|x64.ActiveCfg = Debug|Any CPU
		{96A15D37-315D-4C3D-820E-6BFD971F9418}.Debug|x64.Build.0 = Debug|Any CPU
		{96A15D37-315D-4C3D-820E-6BFD971F9418}.Debug|x86.ActiveCfg = Debug|Any CPU
		{96A15D37-315D-4C3D-820E-6BFD971F9418}.Debug|x86.Build.0 = Debug|Any CPU
		{96A15D37-315D-4C3D-820E-6BFD971F9418}.Release|Any CPU.ActiveCfg = Release|Any CPU
		{96A15D37-315D-4C3D-820E-6BFD971F9418}.Release|Any CPU.Build.0 = Release|Any CPU
		{96A15D37-315D-4C3D-820E-6BFD971F9418}.Release|x64.ActiveCfg = Release|Any CPU
		{96A15D37-315D-4C3D-820E-6BFD971F9418}.Release|x64.Build.0 = Release|Any CPU
		{96A15D37-315D-4C3D-820E-6BFD971F9418}.Release|x86.ActiveCfg = Release|Any CPU
		{96A15D37-315D-4C3D-820E-6BFD971F9418}.Release|x86.Build.0 = Release|Any CPU
		{628929AF-CE94-4CAA-8460-46C3AE1D9348}.Debug|Any CPU.ActiveCfg = Debug|Any CPU
		{628929AF-CE94-4CAA-8460-46C3AE1D9348}.Debug|Any CPU.Build.0 = Debug|Any CPU
		{628929AF-CE94-4CAA-8460-46C3AE1D9348}.Debug|x64.ActiveCfg = Debug|Any CPU
		{628929AF-CE94-4CAA-8460-46C3AE1D9348}.Debug|x64.Build.0 = Debug|Any CPU
		{628929AF-CE94-4CAA-8460-46C3AE1D9348}.Debug|x86.ActiveCfg = Debug|Any CPU
		{628929AF-CE94-4CAA-8460-46C3AE1D9348}.Debug|x86.Build.0 = Debug|Any CPU
		{628929AF-CE94-4CAA-8460-46C3AE1D9348}.Release|Any CPU.ActiveCfg = Release|Any CPU
		{628929AF-CE94-4CAA-8460-46C3AE1D9348}.Release|Any CPU.Build.0 = Release|Any CPU
		{628929AF-CE94-4CAA-8460-46C3AE1D9348}.Release|x64.ActiveCfg = Release|Any CPU
		{628929AF-CE94-4CAA-8460-46C3AE1D9348}.Release|x64.Build.0 = Release|Any CPU
		{628929AF-CE94-4CAA-8460-46C3AE1D9348}.Release|x86.ActiveCfg = Release|Any CPU
		{628929AF-CE94-4CAA-8460-46C3AE1D9348}.Release|x86.Build.0 = Release|Any CPU
		{022AC540-EF58-4E3D-9E2E-0C542FEA2E32}.Debug|Any CPU.ActiveCfg = Debug|Any CPU
		{022AC540-EF58-4E3D-9E2E-0C542FEA2E32}.Debug|Any CPU.Build.0 = Debug|Any CPU
		{022AC540-EF58-4E3D-9E2E-0C542FEA2E32}.Debug|x64.ActiveCfg = Debug|Any CPU
		{022AC540-EF58-4E3D-9E2E-0C542FEA2E32}.Debug|x64.Build.0 = Debug|Any CPU
		{022AC540-EF58-4E3D-9E2E-0C542FEA2E32}.Debug|x86.ActiveCfg = Debug|Any CPU
		{022AC540-EF58-4E3D-9E2E-0C542FEA2E32}.Debug|x86.Build.0 = Debug|Any CPU
		{022AC540-EF58-4E3D-9E2E-0C542FEA2E32}.Release|Any CPU.ActiveCfg = Release|Any CPU
		{022AC540-EF58-4E3D-9E2E-0C542FEA2E32}.Release|Any CPU.Build.0 = Release|Any CPU
		{022AC540-EF58-4E3D-9E2E-0C542FEA2E32}.Release|x64.ActiveCfg = Release|Any CPU
		{022AC540-EF58-4E3D-9E2E-0C542FEA2E32}.Release|x64.Build.0 = Release|Any CPU
		{022AC540-EF58-4E3D-9E2E-0C542FEA2E32}.Release|x86.ActiveCfg = Release|Any CPU
		{022AC540-EF58-4E3D-9E2E-0C542FEA2E32}.Release|x86.Build.0 = Release|Any CPU
		{2C07102D-1198-438F-A82C-D384EDE9DFB8}.Debug|Any CPU.ActiveCfg = Debug|Any CPU
		{2C07102D-1198-438F-A82C-D384EDE9DFB8}.Debug|Any CPU.Build.0 = Debug|Any CPU
		{2C07102D-1198-438F-A82C-D384EDE9DFB8}.Debug|x64.ActiveCfg = Debug|Any CPU
		{2C07102D-1198-438F-A82C-D384EDE9DFB8}.Debug|x64.Build.0 = Debug|Any CPU
		{2C07102D-1198-438F-A82C-D384EDE9DFB8}.Debug|x86.ActiveCfg = Debug|Any CPU
		{2C07102D-1198-438F-A82C-D384EDE9DFB8}.Debug|x86.Build.0 = Debug|Any CPU
		{2C07102D-1198-438F-A82C-D384EDE9DFB8}.Release|Any CPU.ActiveCfg = Release|Any CPU
		{2C07102D-1198-438F-A82C-D384EDE9DFB8}.Release|Any CPU.Build.0 = Release|Any CPU
		{2C07102D-1198-438F-A82C-D384EDE9DFB8}.Release|x64.ActiveCfg = Release|Any CPU
		{2C07102D-1198-438F-A82C-D384EDE9DFB8}.Release|x64.Build.0 = Release|Any CPU
		{2C07102D-1198-438F-A82C-D384EDE9DFB8}.Release|x86.ActiveCfg = Release|Any CPU
		{2C07102D-1198-438F-A82C-D384EDE9DFB8}.Release|x86.Build.0 = Release|Any CPU
		{01C9386D-256C-452F-8B0D-F728C4BEE469}.Debug|Any CPU.ActiveCfg = Debug|Any CPU
		{01C9386D-256C-452F-8B0D-F728C4BEE469}.Debug|Any CPU.Build.0 = Debug|Any CPU
		{01C9386D-256C-452F-8B0D-F728C4BEE469}.Debug|x64.ActiveCfg = Debug|Any CPU
		{01C9386D-256C-452F-8B0D-F728C4BEE469}.Debug|x64.Build.0 = Debug|Any CPU
		{01C9386D-256C-452F-8B0D-F728C4BEE469}.Debug|x86.ActiveCfg = Debug|Any CPU
		{01C9386D-256C-452F-8B0D-F728C4BEE469}.Debug|x86.Build.0 = Debug|Any CPU
		{01C9386D-256C-452F-8B0D-F728C4BEE469}.Release|Any CPU.ActiveCfg = Release|Any CPU
		{01C9386D-256C-452F-8B0D-F728C4BEE469}.Release|Any CPU.Build.0 = Release|Any CPU
		{01C9386D-256C-452F-8B0D-F728C4BEE469}.Release|x64.ActiveCfg = Release|Any CPU
		{01C9386D-256C-452F-8B0D-F728C4BEE469}.Release|x64.Build.0 = Release|Any CPU
		{01C9386D-256C-452F-8B0D-F728C4BEE469}.Release|x86.ActiveCfg = Release|Any CPU
		{01C9386D-256C-452F-8B0D-F728C4BEE469}.Release|x86.Build.0 = Release|Any CPU
		{CFCCF976-7698-4E25-84FF-C300692A8912}.Debug|Any CPU.ActiveCfg = Debug|Any CPU
		{CFCCF976-7698-4E25-84FF-C300692A8912}.Debug|Any CPU.Build.0 = Debug|Any CPU
		{CFCCF976-7698-4E25-84FF-C300692A8912}.Debug|x64.ActiveCfg = Debug|Any CPU
		{CFCCF976-7698-4E25-84FF-C300692A8912}.Debug|x64.Build.0 = Debug|Any CPU
		{CFCCF976-7698-4E25-84FF-C300692A8912}.Debug|x86.ActiveCfg = Debug|Any CPU
		{CFCCF976-7698-4E25-84FF-C300692A8912}.Debug|x86.Build.0 = Debug|Any CPU
		{CFCCF976-7698-4E25-84FF-C300692A8912}.Release|Any CPU.ActiveCfg = Release|Any CPU
		{CFCCF976-7698-4E25-84FF-C300692A8912}.Release|Any CPU.Build.0 = Release|Any CPU
		{CFCCF976-7698-4E25-84FF-C300692A8912}.Release|x64.ActiveCfg = Release|Any CPU
		{CFCCF976-7698-4E25-84FF-C300692A8912}.Release|x64.Build.0 = Release|Any CPU
		{CFCCF976-7698-4E25-84FF-C300692A8912}.Release|x86.ActiveCfg = Release|Any CPU
		{CFCCF976-7698-4E25-84FF-C300692A8912}.Release|x86.Build.0 = Release|Any CPU
		{256A4C1B-4E56-4E4C-9C37-B1C6E02CDFA9}.Debug|Any CPU.ActiveCfg = Debug|Any CPU
		{256A4C1B-4E56-4E4C-9C37-B1C6E02CDFA9}.Debug|Any CPU.Build.0 = Debug|Any CPU
		{256A4C1B-4E56-4E4C-9C37-B1C6E02CDFA9}.Debug|x64.ActiveCfg = Debug|Any CPU
		{256A4C1B-4E56-4E4C-9C37-B1C6E02CDFA9}.Debug|x64.Build.0 = Debug|Any CPU
		{256A4C1B-4E56-4E4C-9C37-B1C6E02CDFA9}.Debug|x86.ActiveCfg = Debug|Any CPU
		{256A4C1B-4E56-4E4C-9C37-B1C6E02CDFA9}.Debug|x86.Build.0 = Debug|Any CPU
		{256A4C1B-4E56-4E4C-9C37-B1C6E02CDFA9}.Release|Any CPU.ActiveCfg = Release|Any CPU
		{256A4C1B-4E56-4E4C-9C37-B1C6E02CDFA9}.Release|Any CPU.Build.0 = Release|Any CPU
		{256A4C1B-4E56-4E4C-9C37-B1C6E02CDFA9}.Release|x64.ActiveCfg = Release|Any CPU
		{256A4C1B-4E56-4E4C-9C37-B1C6E02CDFA9}.Release|x64.Build.0 = Release|Any CPU
		{256A4C1B-4E56-4E4C-9C37-B1C6E02CDFA9}.Release|x86.ActiveCfg = Release|Any CPU
		{256A4C1B-4E56-4E4C-9C37-B1C6E02CDFA9}.Release|x86.Build.0 = Release|Any CPU
		{3CE23A8E-AAD3-4B7B-9EC0-6F69C0093EAE}.Debug|Any CPU.ActiveCfg = Debug|Any CPU
		{3CE23A8E-AAD3-4B7B-9EC0-6F69C0093EAE}.Debug|Any CPU.Build.0 = Debug|Any CPU
		{3CE23A8E-AAD3-4B7B-9EC0-6F69C0093EAE}.Debug|x64.ActiveCfg = Debug|Any CPU
		{3CE23A8E-AAD3-4B7B-9EC0-6F69C0093EAE}.Debug|x64.Build.0 = Debug|Any CPU
		{3CE23A8E-AAD3-4B7B-9EC0-6F69C0093EAE}.Debug|x86.ActiveCfg = Debug|Any CPU
		{3CE23A8E-AAD3-4B7B-9EC0-6F69C0093EAE}.Debug|x86.Build.0 = Debug|Any CPU
		{3CE23A8E-AAD3-4B7B-9EC0-6F69C0093EAE}.Release|Any CPU.ActiveCfg = Release|Any CPU
		{3CE23A8E-AAD3-4B7B-9EC0-6F69C0093EAE}.Release|Any CPU.Build.0 = Release|Any CPU
		{3CE23A8E-AAD3-4B7B-9EC0-6F69C0093EAE}.Release|x64.ActiveCfg = Release|Any CPU
		{3CE23A8E-AAD3-4B7B-9EC0-6F69C0093EAE}.Release|x64.Build.0 = Release|Any CPU
		{3CE23A8E-AAD3-4B7B-9EC0-6F69C0093EAE}.Release|x86.ActiveCfg = Release|Any CPU
		{3CE23A8E-AAD3-4B7B-9EC0-6F69C0093EAE}.Release|x86.Build.0 = Release|Any CPU
		{5ACEAA66-6128-47FA-ACB4-7FB71CF4B316}.Debug|Any CPU.ActiveCfg = Debug|Any CPU
		{5ACEAA66-6128-47FA-ACB4-7FB71CF4B316}.Debug|Any CPU.Build.0 = Debug|Any CPU
		{5ACEAA66-6128-47FA-ACB4-7FB71CF4B316}.Debug|x64.ActiveCfg = Debug|Any CPU
		{5ACEAA66-6128-47FA-ACB4-7FB71CF4B316}.Debug|x64.Build.0 = Debug|Any CPU
		{5ACEAA66-6128-47FA-ACB4-7FB71CF4B316}.Debug|x86.ActiveCfg = Debug|Any CPU
		{5ACEAA66-6128-47FA-ACB4-7FB71CF4B316}.Debug|x86.Build.0 = Debug|Any CPU
		{5ACEAA66-6128-47FA-ACB4-7FB71CF4B316}.Release|Any CPU.ActiveCfg = Release|Any CPU
		{5ACEAA66-6128-47FA-ACB4-7FB71CF4B316}.Release|Any CPU.Build.0 = Release|Any CPU
		{5ACEAA66-6128-47FA-ACB4-7FB71CF4B316}.Release|x64.ActiveCfg = Release|Any CPU
		{5ACEAA66-6128-47FA-ACB4-7FB71CF4B316}.Release|x64.Build.0 = Release|Any CPU
		{5ACEAA66-6128-47FA-ACB4-7FB71CF4B316}.Release|x86.ActiveCfg = Release|Any CPU
		{5ACEAA66-6128-47FA-ACB4-7FB71CF4B316}.Release|x86.Build.0 = Release|Any CPU
		{8119571B-E225-481D-96B2-189E5D1B7380}.Debug|Any CPU.ActiveCfg = Debug|Any CPU
		{8119571B-E225-481D-96B2-189E5D1B7380}.Debug|Any CPU.Build.0 = Debug|Any CPU
		{8119571B-E225-481D-96B2-189E5D1B7380}.Debug|x64.ActiveCfg = Debug|Any CPU
		{8119571B-E225-481D-96B2-189E5D1B7380}.Debug|x64.Build.0 = Debug|Any CPU
		{8119571B-E225-481D-96B2-189E5D1B7380}.Debug|x86.ActiveCfg = Debug|Any CPU
		{8119571B-E225-481D-96B2-189E5D1B7380}.Debug|x86.Build.0 = Debug|Any CPU
		{8119571B-E225-481D-96B2-189E5D1B7380}.Release|Any CPU.ActiveCfg = Release|Any CPU
		{8119571B-E225-481D-96B2-189E5D1B7380}.Release|Any CPU.Build.0 = Release|Any CPU
		{8119571B-E225-481D-96B2-189E5D1B7380}.Release|x64.ActiveCfg = Release|Any CPU
		{8119571B-E225-481D-96B2-189E5D1B7380}.Release|x64.Build.0 = Release|Any CPU
		{8119571B-E225-481D-96B2-189E5D1B7380}.Release|x86.ActiveCfg = Release|Any CPU
		{8119571B-E225-481D-96B2-189E5D1B7380}.Release|x86.Build.0 = Release|Any CPU
		{6A35CDBF-AC60-4DB9-B3D6-6697C4D9F709}.Debug|Any CPU.ActiveCfg = Debug|Any CPU
		{6A35CDBF-AC60-4DB9-B3D6-6697C4D9F709}.Debug|Any CPU.Build.0 = Debug|Any CPU
		{6A35CDBF-AC60-4DB9-B3D6-6697C4D9F709}.Debug|x64.ActiveCfg = Debug|Any CPU
		{6A35CDBF-AC60-4DB9-B3D6-6697C4D9F709}.Debug|x64.Build.0 = Debug|Any CPU
		{6A35CDBF-AC60-4DB9-B3D6-6697C4D9F709}.Debug|x86.ActiveCfg = Debug|Any CPU
		{6A35CDBF-AC60-4DB9-B3D6-6697C4D9F709}.Debug|x86.Build.0 = Debug|Any CPU
		{6A35CDBF-AC60-4DB9-B3D6-6697C4D9F709}.Release|Any CPU.ActiveCfg = Release|Any CPU
		{6A35CDBF-AC60-4DB9-B3D6-6697C4D9F709}.Release|Any CPU.Build.0 = Release|Any CPU
		{6A35CDBF-AC60-4DB9-B3D6-6697C4D9F709}.Release|x64.ActiveCfg = Release|Any CPU
		{6A35CDBF-AC60-4DB9-B3D6-6697C4D9F709}.Release|x64.Build.0 = Release|Any CPU
		{6A35CDBF-AC60-4DB9-B3D6-6697C4D9F709}.Release|x86.ActiveCfg = Release|Any CPU
		{6A35CDBF-AC60-4DB9-B3D6-6697C4D9F709}.Release|x86.Build.0 = Release|Any CPU
		{1F163954-F731-4B77-AE28-CFADAC9F9525}.Debug|Any CPU.ActiveCfg = Debug|Any CPU
		{1F163954-F731-4B77-AE28-CFADAC9F9525}.Debug|Any CPU.Build.0 = Debug|Any CPU
		{1F163954-F731-4B77-AE28-CFADAC9F9525}.Debug|x64.ActiveCfg = Debug|Any CPU
		{1F163954-F731-4B77-AE28-CFADAC9F9525}.Debug|x64.Build.0 = Debug|Any CPU
		{1F163954-F731-4B77-AE28-CFADAC9F9525}.Debug|x86.ActiveCfg = Debug|Any CPU
		{1F163954-F731-4B77-AE28-CFADAC9F9525}.Debug|x86.Build.0 = Debug|Any CPU
		{1F163954-F731-4B77-AE28-CFADAC9F9525}.Release|Any CPU.ActiveCfg = Release|Any CPU
		{1F163954-F731-4B77-AE28-CFADAC9F9525}.Release|Any CPU.Build.0 = Release|Any CPU
		{1F163954-F731-4B77-AE28-CFADAC9F9525}.Release|x64.ActiveCfg = Release|Any CPU
		{1F163954-F731-4B77-AE28-CFADAC9F9525}.Release|x64.Build.0 = Release|Any CPU
		{1F163954-F731-4B77-AE28-CFADAC9F9525}.Release|x86.ActiveCfg = Release|Any CPU
		{1F163954-F731-4B77-AE28-CFADAC9F9525}.Release|x86.Build.0 = Release|Any CPU
		{725509A5-DC9E-4C64-B4E9-7DF46CBF068A}.Debug|Any CPU.ActiveCfg = Debug|Any CPU
		{725509A5-DC9E-4C64-B4E9-7DF46CBF068A}.Debug|Any CPU.Build.0 = Debug|Any CPU
		{725509A5-DC9E-4C64-B4E9-7DF46CBF068A}.Debug|x64.ActiveCfg = Debug|Any CPU
		{725509A5-DC9E-4C64-B4E9-7DF46CBF068A}.Debug|x64.Build.0 = Debug|Any CPU
		{725509A5-DC9E-4C64-B4E9-7DF46CBF068A}.Debug|x86.ActiveCfg = Debug|Any CPU
		{725509A5-DC9E-4C64-B4E9-7DF46CBF068A}.Debug|x86.Build.0 = Debug|Any CPU
		{725509A5-DC9E-4C64-B4E9-7DF46CBF068A}.Release|Any CPU.ActiveCfg = Release|Any CPU
		{725509A5-DC9E-4C64-B4E9-7DF46CBF068A}.Release|Any CPU.Build.0 = Release|Any CPU
		{725509A5-DC9E-4C64-B4E9-7DF46CBF068A}.Release|x64.ActiveCfg = Release|Any CPU
		{725509A5-DC9E-4C64-B4E9-7DF46CBF068A}.Release|x64.Build.0 = Release|Any CPU
		{725509A5-DC9E-4C64-B4E9-7DF46CBF068A}.Release|x86.ActiveCfg = Release|Any CPU
		{725509A5-DC9E-4C64-B4E9-7DF46CBF068A}.Release|x86.Build.0 = Release|Any CPU
		{EA371B2A-F942-44BC-868D-A5CC787CC8BD}.Debug|Any CPU.ActiveCfg = Debug|Any CPU
		{EA371B2A-F942-44BC-868D-A5CC787CC8BD}.Debug|Any CPU.Build.0 = Debug|Any CPU
		{EA371B2A-F942-44BC-868D-A5CC787CC8BD}.Debug|x64.ActiveCfg = Debug|Any CPU
		{EA371B2A-F942-44BC-868D-A5CC787CC8BD}.Debug|x64.Build.0 = Debug|Any CPU
		{EA371B2A-F942-44BC-868D-A5CC787CC8BD}.Debug|x86.ActiveCfg = Debug|Any CPU
		{EA371B2A-F942-44BC-868D-A5CC787CC8BD}.Debug|x86.Build.0 = Debug|Any CPU
		{EA371B2A-F942-44BC-868D-A5CC787CC8BD}.Release|Any CPU.ActiveCfg = Release|Any CPU
		{EA371B2A-F942-44BC-868D-A5CC787CC8BD}.Release|Any CPU.Build.0 = Release|Any CPU
		{EA371B2A-F942-44BC-868D-A5CC787CC8BD}.Release|x64.ActiveCfg = Release|Any CPU
		{EA371B2A-F942-44BC-868D-A5CC787CC8BD}.Release|x64.Build.0 = Release|Any CPU
		{EA371B2A-F942-44BC-868D-A5CC787CC8BD}.Release|x86.ActiveCfg = Release|Any CPU
		{EA371B2A-F942-44BC-868D-A5CC787CC8BD}.Release|x86.Build.0 = Release|Any CPU
		{59455A1F-73C4-41C3-BC96-5D92F7101BF3}.Debug|Any CPU.ActiveCfg = Debug|Any CPU
		{59455A1F-73C4-41C3-BC96-5D92F7101BF3}.Debug|Any CPU.Build.0 = Debug|Any CPU
		{59455A1F-73C4-41C3-BC96-5D92F7101BF3}.Debug|x64.ActiveCfg = Debug|Any CPU
		{59455A1F-73C4-41C3-BC96-5D92F7101BF3}.Debug|x64.Build.0 = Debug|Any CPU
		{59455A1F-73C4-41C3-BC96-5D92F7101BF3}.Debug|x86.ActiveCfg = Debug|Any CPU
		{59455A1F-73C4-41C3-BC96-5D92F7101BF3}.Debug|x86.Build.0 = Debug|Any CPU
		{59455A1F-73C4-41C3-BC96-5D92F7101BF3}.Release|Any CPU.ActiveCfg = Release|Any CPU
		{59455A1F-73C4-41C3-BC96-5D92F7101BF3}.Release|Any CPU.Build.0 = Release|Any CPU
		{59455A1F-73C4-41C3-BC96-5D92F7101BF3}.Release|x64.ActiveCfg = Release|Any CPU
		{59455A1F-73C4-41C3-BC96-5D92F7101BF3}.Release|x64.Build.0 = Release|Any CPU
		{59455A1F-73C4-41C3-BC96-5D92F7101BF3}.Release|x86.ActiveCfg = Release|Any CPU
		{59455A1F-73C4-41C3-BC96-5D92F7101BF3}.Release|x86.Build.0 = Release|Any CPU
		{8B242A23-7C83-4970-8868-E0CC6716CC3E}.Debug|Any CPU.ActiveCfg = Debug|Any CPU
		{8B242A23-7C83-4970-8868-E0CC6716CC3E}.Debug|Any CPU.Build.0 = Debug|Any CPU
		{8B242A23-7C83-4970-8868-E0CC6716CC3E}.Debug|x64.ActiveCfg = Debug|Any CPU
		{8B242A23-7C83-4970-8868-E0CC6716CC3E}.Debug|x64.Build.0 = Debug|Any CPU
		{8B242A23-7C83-4970-8868-E0CC6716CC3E}.Debug|x86.ActiveCfg = Debug|Any CPU
		{8B242A23-7C83-4970-8868-E0CC6716CC3E}.Debug|x86.Build.0 = Debug|Any CPU
		{8B242A23-7C83-4970-8868-E0CC6716CC3E}.Release|Any CPU.ActiveCfg = Release|Any CPU
		{8B242A23-7C83-4970-8868-E0CC6716CC3E}.Release|Any CPU.Build.0 = Release|Any CPU
		{8B242A23-7C83-4970-8868-E0CC6716CC3E}.Release|x64.ActiveCfg = Release|Any CPU
		{8B242A23-7C83-4970-8868-E0CC6716CC3E}.Release|x64.Build.0 = Release|Any CPU
		{8B242A23-7C83-4970-8868-E0CC6716CC3E}.Release|x86.ActiveCfg = Release|Any CPU
		{8B242A23-7C83-4970-8868-E0CC6716CC3E}.Release|x86.Build.0 = Release|Any CPU
		{32BEC910-854E-4D5B-81A1-0CC8C6FA94C8}.Debug|Any CPU.ActiveCfg = Debug|Any CPU
		{32BEC910-854E-4D5B-81A1-0CC8C6FA94C8}.Debug|Any CPU.Build.0 = Debug|Any CPU
		{32BEC910-854E-4D5B-81A1-0CC8C6FA94C8}.Debug|x64.ActiveCfg = Debug|Any CPU
		{32BEC910-854E-4D5B-81A1-0CC8C6FA94C8}.Debug|x64.Build.0 = Debug|Any CPU
		{32BEC910-854E-4D5B-81A1-0CC8C6FA94C8}.Debug|x86.ActiveCfg = Debug|Any CPU
		{32BEC910-854E-4D5B-81A1-0CC8C6FA94C8}.Debug|x86.Build.0 = Debug|Any CPU
		{32BEC910-854E-4D5B-81A1-0CC8C6FA94C8}.Release|Any CPU.ActiveCfg = Release|Any CPU
		{32BEC910-854E-4D5B-81A1-0CC8C6FA94C8}.Release|Any CPU.Build.0 = Release|Any CPU
		{32BEC910-854E-4D5B-81A1-0CC8C6FA94C8}.Release|x64.ActiveCfg = Release|Any CPU
		{32BEC910-854E-4D5B-81A1-0CC8C6FA94C8}.Release|x64.Build.0 = Release|Any CPU
		{32BEC910-854E-4D5B-81A1-0CC8C6FA94C8}.Release|x86.ActiveCfg = Release|Any CPU
		{32BEC910-854E-4D5B-81A1-0CC8C6FA94C8}.Release|x86.Build.0 = Release|Any CPU
	EndGlobalSection
	GlobalSection(SolutionProperties) = preSolution
		HideSolutionNode = FALSE
	EndGlobalSection
	GlobalSection(NestedProjects) = preSolution
		{96A15D37-315D-4C3D-820E-6BFD971F9418} = {5C33D342-EF43-40EB-9CF4-4EC6C2033309}
		{628929AF-CE94-4CAA-8460-46C3AE1D9348} = {5C33D342-EF43-40EB-9CF4-4EC6C2033309}
		{022AC540-EF58-4E3D-9E2E-0C542FEA2E32} = {5C33D342-EF43-40EB-9CF4-4EC6C2033309}
		{2C07102D-1198-438F-A82C-D384EDE9DFB8} = {5C33D342-EF43-40EB-9CF4-4EC6C2033309}
		{01C9386D-256C-452F-8B0D-F728C4BEE469} = {5C33D342-EF43-40EB-9CF4-4EC6C2033309}
		{CFCCF976-7698-4E25-84FF-C300692A8912} = {5C33D342-EF43-40EB-9CF4-4EC6C2033309}
		{256A4C1B-4E56-4E4C-9C37-B1C6E02CDFA9} = {5C33D342-EF43-40EB-9CF4-4EC6C2033309}
		{3CE23A8E-AAD3-4B7B-9EC0-6F69C0093EAE} = {5C33D342-EF43-40EB-9CF4-4EC6C2033309}
		{5ACEAA66-6128-47FA-ACB4-7FB71CF4B316} = {5968FBED-DF69-4CE6-8CAF-364A27DD447A}
		{8119571B-E225-481D-96B2-189E5D1B7380} = {5968FBED-DF69-4CE6-8CAF-364A27DD447A}
		{6A35CDBF-AC60-4DB9-B3D6-6697C4D9F709} = {5968FBED-DF69-4CE6-8CAF-364A27DD447A}
		{1F163954-F731-4B77-AE28-CFADAC9F9525} = {5968FBED-DF69-4CE6-8CAF-364A27DD447A}
		{725509A5-DC9E-4C64-B4E9-7DF46CBF068A} = {5968FBED-DF69-4CE6-8CAF-364A27DD447A}
		{EA371B2A-F942-44BC-868D-A5CC787CC8BD} = {5968FBED-DF69-4CE6-8CAF-364A27DD447A}
		{59455A1F-73C4-41C3-BC96-5D92F7101BF3} = {5968FBED-DF69-4CE6-8CAF-364A27DD447A}
		{8B242A23-7C83-4970-8868-E0CC6716CC3E} = {5968FBED-DF69-4CE6-8CAF-364A27DD447A}
		{32BEC910-854E-4D5B-81A1-0CC8C6FA94C8} = {5968FBED-DF69-4CE6-8CAF-364A27DD447A}
	EndGlobalSection
EndGlobal
