
Microsoft Visual Studio Solution File, Format Version 12.00
# Visual Studio Version 17
VisualStudioVersion = 17.0.31903.59
MinimumVisualStudioVersion = 10.0.40219.1
Project("{FAE04EC0-301F-11D3-BF4B-00C04F79EFBC}") = "Traverse.AI.Abstractions", "src\shared\Traverse.AI.Abstractions\Traverse.AI.Abstractions.csproj", "{96A15D37-315D-4C3D-820E-6BFD971F9418}"
EndProject
Project("{FAE04EC0-301F-11D3-BF4B-00C04F79EFBC}") = "Traverse.AI.Providers", "src\shared\Traverse.AI.Providers\Traverse.AI.Providers.csproj", "{628929AF-CE94-4CAA-8460-46C3AE1D9348}"
EndProject
Project("{2150E333-8FDC-42A3-9474-1A3956D46DE8}") = "shared", "shared", "{5C33D342-EF43-40EB-9CF4-4EC6C2033309}"
EndProject
Project("{2150E333-8FDC-42A3-9474-1A3956D46DE8}") = "services", "services", "{5968FBED-DF69-4CE6-8CAF-364A27DD447A}"
EndProject
Project("{2150E333-8FDC-42A3-9474-1A3956D46DE8}") = "infrastructure", "infrastructure", "{2590781E-497A-496A-A673-7A029BF18B40}"
EndProject
Global
	GlobalSection(SolutionConfigurationPlatforms) = preSolution
		Debug|Any CPU = Debug|Any CPU
		Release|Any CPU = Release|Any CPU
	EndGlobalSection
	GlobalSection(ProjectConfigurationPlatforms) = postSolution
		{96A15D37-315D-4C3D-820E-6BFD971F9418}.Debug|Any CPU.ActiveCfg = Debug|Any CPU
		{96A15D37-315D-4C3D-820E-6BFD971F9418}.Debug|Any CPU.Build.0 = Debug|Any CPU
		{96A15D37-315D-4C3D-820E-6BFD971F9418}.Release|Any CPU.ActiveCfg = Release|Any CPU
		{96A15D37-315D-4C3D-820E-6BFD971F9418}.Release|Any CPU.Build.0 = Release|Any CPU
		{628929AF-CE94-4CAA-8460-46C3AE1D9348}.Debug|Any CPU.ActiveCfg = Debug|Any CPU
		{628929AF-CE94-4CAA-8460-46C3AE1D9348}.Debug|Any CPU.Build.0 = Debug|Any CPU
		{628929AF-CE94-4CAA-8460-46C3AE1D9348}.Release|Any CPU.ActiveCfg = Release|Any CPU
		{628929AF-CE94-4CAA-8460-46C3AE1D9348}.Release|Any CPU.Build.0 = Release|Any CPU
	EndGlobalSection
	GlobalSection(SolutionProperties) = preSolution
		HideSolutionNode = FALSE
	EndGlobalSection
	GlobalSection(NestedProjects) = preSolution
		{96A15D37-315D-4C3D-820E-6BFD971F9418} = {5C33D342-EF43-40EB-9CF4-4EC6C2033309}
		{628929AF-CE94-4CAA-8460-46C3AE1D9348} = {5C33D342-EF43-40EB-9CF4-4EC6C2033309}
	EndGlobalSection
EndGlobal
